github.com/davecgh/go-spew v1.1.0 h1:ZDRjVQ15GmhC3fiQ8ni8+OwkZQO4DARzQgrnXU1Liz8=
github.com/gorilla/websocket v1.5.0 h1:PPwGk2jz7EePpoHN/+ClbZu8SPxiqlu12wZP/3sWmnc=
github.com/gorilla/websocket v1.5.0/go.mod h1:YR8l580nyteQvAITg2hZ9XVh4b55+EU/adAjf1fMHhE=
github.com/pmezard/go-difflib v1.0.0 h1:4DBwDE0NGyQoBHbLQYPwSUPoCMWR5BEzIk/f1lZbAQM=
github.com/stretchr/testify v1.7.0 h1:nwc3DEeHmmLAfoZucVR881uASk0Mfjw8xYJ99tb5CcY=
github.com/vogo/gorun v1.1.0 h1:i/8HhmNyjMa79bFn1ZHGTO3KyiWQcZPBsFGpvgkcap8=
github.com/vogo/gorun v1.1.0/go.mod h1:MyOjF/DbZSz40GQ5657Ou9NEfNlUbMhvpXjDvh4L8OY=
github.com/vogo/logger v1.5.1 h1:voyVY69TpM/x1lml4LYy4jMe5z0kDh5jW1oatcikajM=
github.com/vogo/logger v1.5.1/go.mod h1:9U+qupncHpWpt4ptlxFm9bvDb9EjbGIA+cY/tYtW4Kg=
gopkg.in/yaml.v3 v3.0.0-20200313102051-9f266ea9e77c h1:dUUwHk2QECo/6vqA44rthZ8ie2QXMNeKRTHCNY2nXvo=
